[[package]]
name = "liwc"
version = "0.5.0"
description = "Linguistic Inquiry and Word Count (LIWC) analyzer (proprietary data not included)"
category = "main"
optional = false
python-versions = "*"

[metadata]
lock-version = "1.1"
python-versions = "^3.8"
content-hash = "659a38fad08d47fa0774e1becbb44b8c3f339da27610152124a7a78f3e0bf076"

[metadata.files]
liwc = [
    {file = "liwc-0.5.0-py2.py3-none-any.whl", hash = "sha256:dff606f3ed75609117e46550606f2d378fa05527e2168f7342cb428fedc3e657"},
    {file = "liwc-0.5.0.tar.gz", hash = "sha256:0e115296ff31e3c25ed409af7cf94d0c02d29fb596e3db896ac3f6687912ee50"},
]
